
Microsoft Visual Studio Solution File, Format Version 12.00
# Visual Studio Version 17
VisualStudioVersion = 17.2.32616.157
MinimumVisualStudioVersion = 10.0.40219.1
Project("{FAE04EC0-301F-11D3-BF4B-00C04F79EFBC}") = "Employee", "Employee\Employee.csproj", "{7A0D01BC-23F0-4392-BE06-0C28DC445A0A}"
EndProject
Global
	GlobalSection(SolutionConfigurationPlatforms) = preSolution
		Debug|Any CPU = Debug|Any CPU
		Release|Any CPU = Release|Any CPU
	EndGlobalSection
	GlobalSection(ProjectConfigurationPlatforms) = postSolution
		{7A0D01BC-23F0-4392-BE06-0C28DC445A0A}.Debug|Any CPU.ActiveCfg = Debug|Any CPU
		{7A0D01BC-23F0-4392-BE06-0C28DC445A0A}.Debug|Any CPU.Build.0 = Debug|Any CPU
		{7A0D01BC-23F0-4392-BE06-0C28DC445A0A}.Release|Any CPU.ActiveCfg = Release|Any CPU
		{7A0D01BC-23F0-4392-BE06-0C28DC445A0A}.Release|Any CPU.Build.0 = Release|Any CPU
	EndGlobalSection
	GlobalSection(SolutionProperties) = preSolution
		HideSolutionNode = FALSE
	EndGlobalSection
	GlobalSection(ExtensibilityGlobals) = postSolution
		SolutionGuid = {2AB6766C-29C2-4B19-94C0-F9B156315989}
	EndGlobalSection
EndGlobal
